// !$*UTF8*$!
{
	archiveVersion = 1;
	classes = {
	};
	objectVersion = 56;
	objects = {

/* Begin PBXBuildFile section */
		C18192C6297E97B800A1990B /* AppDelegate.swift in Sources */ = {isa = PBXBuildFile; fileRef = C18192C5297E97B800A1990B /* AppDelegate.swift */; };
		C18192C8297E97B800A1990B /* SceneDelegate.swift in Sources */ = {isa = PBXBuildFile; fileRef = C18192C7297E97B800A1990B /* SceneDelegate.swift */; };
		C18192CA297E97B800A1990B /* ViewController.swift in Sources */ = {isa = PBXBuildFile; fileRef = C18192C9297E97B800A1990B /* ViewController.swift */; };
		C18192CD297E97B800A1990B /* Main.storyboard in Resources */ = {isa = PBXBuildFile; fileRef = C18192CB297E97B800A1990B /* Main.storyboard */; };
		C18192CF297E97B900A1990B /* Assets.xcassets in Resources */ = {isa = PBXBuildFile; fileRef = C18192CE297E97B900A1990B /* Assets.xcassets */; };
		C18192D2297E97B900A1990B /* LaunchScreen.storyboard in Resources */ = {isa = PBXBuildFile; fileRef = C18192D0297E97B900A1990B /* LaunchScreen.storyboard */; };
		C18192DD297E97B900A1990B /* Cicd_ios_demoTests.swift in Sources */ = {isa = PBXBuildFile; fileRef = C18192DC297E97B900A1990B /* Cicd_ios_demoTests.swift */; };
		C18192E7297E97B900A1990B /* Cicd_ios_demoUITests.swift in Sources */ = {isa = PBXBuildFile; fileRef = C18192E6297E97B900A1990B /* Cicd_ios_demoUITests.swift */; };
		C18192E9297E97B900A1990B /* Cicd_ios_demoUITestsLaunchTests.swift in Sources */ = {isa = PBXBuildFile; fileRef = C18192E8297E97B900A1990B /* Cicd_ios_demoUITestsLaunchTests.swift */; };
/* End PBXBuildFile section */

/* Begin PBXContainerItemProxy section */
		C18192D9297E97B900A1990B /* PBXContainerItemProxy */ = {
			isa = PBXContainerItemProxy;
			containerPortal = C18192BA297E97B800A1990B /* Project object */;
			proxyType = 1;
			remoteGlobalIDString = C18192C1297E97B800A1990B;
			remoteInfo = Cicd_ios_demo;
		};
		C18192E3297E97B900A1990B /* PBXContainerItemProxy */ = {
			isa = PBXContainerItemProxy;
			containerPortal = C18192BA297E97B800A1990B /* Project object */;
			proxyType = 1;
			remoteGlobalIDString = C18192C1297E97B800A1990B;
			remoteInfo = Cicd_ios_demo;
		};
/* End PBXContainerItemProxy section */

/* Begin PBXFileReference section */
		C18192C2297E97B800A1990B /* Cicd_ios_demo.app */ = {isa = PBXFileReference; explicitFileType = wrapper.application; includeInIndex = 0; path = Cicd_ios_demo.app; sourceTree = BUILT_PRODUCTS_DIR; };
		C18192C5297E97B800A1990B /* AppDelegate.swift */ = {isa = PBXFileReference; lastKnownFileType = sourcecode.swift; path = AppDelegate.swift; sourceTree = "<group>"; };
		C18192C7297E97B800A1990B /* SceneDelegate.swift */ = {isa = PBXFileReference; lastKnownFileType = sourcecode.swift; path = SceneDelegate.swift; sourceTree = "<group>"; };
		C18192C9297E97B800A1990B /* ViewController.swift */ = {isa = PBXFileReference; lastKnownFileType = sourcecode.swift; path = ViewController.swift; sourceTree = "<group>"; };
		C18192CC297E97B800A1990B /* Base */ = {isa = PBXFileReference; lastKnownFileType = file.storyboard; name = Base; path = Base.lproj/Main.storyboard; sourceTree = "<group>"; };
		C18192CE297E97B900A1990B /* Assets.xcassets */ = {isa = PBXFileReference; lastKnownFileType = folder.assetcatalog; path = Assets.xcassets; sourceTree = "<group>"; };
		C18192D1297E97B900A1990B /* Base */ = {isa = PBXFileReference; lastKnownFileType = file.storyboard; name = Base; path = Base.lproj/LaunchScreen.storyboard; sourceTree = "<group>"; };
		C18192D3297E97B900A1990B /* Info.plist */ = {isa = PBXFileReference; lastKnownFileType = text.plist.xml; path = Info.plist; sourceTree = "<group>"; };
		C18192D8297E97B900A1990B /* Cicd_ios_demoTests.xctest */ = {isa = PBXFileReference; explicitFileType = wrapper.cfbundle; includeInIndex = 0; path = Cicd_ios_demoTests.xctest; sourceTree = BUILT_PRODUCTS_DIR; };
		C18192DC297E97B900A1990B /* Cicd_ios_demoTests.swift */ = {isa = PBXFileReference; lastKnownFileType = sourcecode.swift; path = Cicd_ios_demoTests.swift; sourceTree = "<group>"; };
		C18192E2297E97B900A1990B /* Cicd_ios_demoUITests.xctest */ = {isa = PBXFileReference; explicitFileType = wrapper.cfbundle; includeInIndex = 0; path = Cicd_ios_demoUITests.xctest; sourceTree = BUILT_PRODUCTS_DIR; };
		C18192E6297E97B900A1990B /* Cicd_ios_demoUITests.swift */ = {isa = PBXFileReference; lastKnownFileType = sourcecode.swift; path = Cicd_ios_demoUITests.swift; sourceTree = "<group>"; };
		C18192E8297E97B900A1990B /* Cicd_ios_demoUITestsLaunchTests.swift */ = {isa = PBXFileReference; lastKnownFileType = sourcecode.swift; path = Cicd_ios_demoUITestsLaunchTests.swift; sourceTree = "<group>"; };
/* End PBXFileReference section */

/* Begin PBXFrameworksBuildPhase section */
		C18192BF297E97B800A1990B /* Frameworks */ = {
			isa = PBXFrameworksBuildPhase;
			buildActionMask = 2147483647;
			files = (
			);
			runOnlyForDeploymentPostprocessing = 0;
		};
		C18192D5297E97B900A1990B /* Frameworks */ = {
			isa = PBXFrameworksBuildPhase;
			buildActionMask = 2147483647;
			files = (
			);
			runOnlyForDeploymentPostprocessing = 0;
		};
		C18192DF297E97B900A1990B /* Frameworks */ = {
			isa = PBXFrameworksBuildPhase;
			buildActionMask = 2147483647;
			files = (
			);
			runOnlyForDeploymentPostprocessing = 0;
		};
/* End PBXFrameworksBuildPhase section */

/* Begin PBXGroup section */
		C18192B9297E97B800A1990B = {
			isa = PBXGroup;
			children = (
				C18192C4297E97B800A1990B /* Cicd_ios_demo */,
				C18192DB297E97B900A1990B /* Cicd_ios_demoTests */,
				C18192E5297E97B900A1990B /* Cicd_ios_demoUITests */,
				C18192C3297E97B800A1990B /* Products */,
			);
			sourceTree = "<group>";
		};
		C18192C3297E97B800A1990B /* Products */ = {
			isa = PBXGroup;
			children = (
				C18192C2297E97B800A1990B /* Cicd_ios_demo.app */,
				C18192D8297E97B900A1990B /* Cicd_ios_demoTests.xctest */,
				C18192E2297E97B900A1990B /* Cicd_ios_demoUITests.xctest */,
			);
			name = Products;
			sourceTree = "<group>";
		};
		C18192C4297E97B800A1990B /* Cicd_ios_demo */ = {
			isa = PBXGroup;
			children = (
				C18192C5297E97B800A1990B /* AppDelegate.swift */,
				C18192C7297E97B800A1990B /* SceneDelegate.swift */,
				C18192C9297E97B800A1990B /* ViewController.swift */,
				C18192CB297E97B800A1990B /* Main.storyboard */,
				C18192CE297E97B900A1990B /* Assets.xcassets */,
				C18192D0297E97B900A1990B /* LaunchScreen.storyboard */,
				C18192D3297E97B900A1990B /* Info.plist */,
			);
			path = Cicd_ios_demo;
			sourceTree = "<group>";
		};
		C18192DB297E97B900A1990B /* Cicd_ios_demoTests */ = {
			isa = PBXGroup;
			children = (
				C18192DC297E97B900A1990B /* Cicd_ios_demoTests.swift */,
			);
			path = Cicd_ios_demoTests;
			sourceTree = "<group>";
		};
		C18192E5297E97B900A1990B /* Cicd_ios_demoUITests */ = {
			isa = PBXGroup;
			children = (
				C18192E6297E97B900A1990B /* Cicd_ios_demoUITests.swift */,
				C18192E8297E97B900A1990B /* Cicd_ios_demoUITestsLaunchTests.swift */,
			);
			path = Cicd_ios_demoUITests;
			sourceTree = "<group>";
		};
/* End PBXGroup section */

/* Begin PBXNativeTarget section */
		C18192C1297E97B800A1990B /* Cicd_ios_demo */ = {
			isa = PBXNativeTarget;
			buildConfigurationList = C18192EC297E97B900A1990B /* Build configuration list for PBXNativeTarget "Cicd_ios_demo" */;
			buildPhases = (
				C18192BE297E97B800A1990B /* Sources */,
				C18192BF297E97B800A1990B /* Frameworks */,
				C18192C0297E97B800A1990B /* Resources */,
			);
			buildRules = (
			);
			dependencies = (
			);
			name = Cicd_ios_demo;
			productName = Cicd_ios_demo;
			productReference = C18192C2297E97B800A1990B /* Cicd_ios_demo.app */;
			productType = "com.apple.product-type.application";
		};
		C18192D7297E97B900A1990B /* Cicd_ios_demoTests */ = {
			isa = PBXNativeTarget;
			buildConfigurationList = C18192EF297E97B900A1990B /* Build configuration list for PBXNativeTarget "Cicd_ios_demoTests" */;
			buildPhases = (
				C18192D4297E97B900A1990B /* Sources */,
				C18192D5297E97B900A1990B /* Frameworks */,
				C18192D6297E97B900A1990B /* Resources */,
			);
			buildRules = (
			);
			dependencies = (
				C18192DA297E97B900A1990B /* PBXTargetDependency */,
			);
			name = Cicd_ios_demoTests;
			productName = Cicd_ios_demoTests;
			productReference = C18192D8297E97B900A1990B /* Cicd_ios_demoTests.xctest */;
			productType = "com.apple.product-type.bundle.unit-test";
		};
		C18192E1297E97B900A1990B /* Cicd_ios_demoUITests */ = {
			isa = PBXNativeTarget;
			buildConfigurationList = C18192F2297E97B900A1990B /* Build configuration list for PBXNativeTarget "Cicd_ios_demoUITests" */;
			buildPhases = (
				C18192DE297E97B900A1990B /* Sources */,
				C18192DF297E97B900A1990B /* Frameworks */,
				C18192E0297E97B900A1990B /* Resources */,
			);
			buildRules = (
			);
			dependencies = (
				C18192E4297E97B900A1990B /* PBXTargetDependency */,
			);
			name = Cicd_ios_demoUITests;
			productName = Cicd_ios_demoUITests;
			productReference = C18192E2297E97B900A1990B /* Cicd_ios_demoUITests.xctest */;
			productType = "com.apple.product-type.bundle.ui-testing";
		};
/* End PBXNativeTarget section */

/* Begin PBXProject section */
		C18192BA297E97B800A1990B /* Project object */ = {
			isa = PBXProject;
			attributes = {
				BuildIndependentTargetsInParallel = 1;
				LastSwiftUpdateCheck = 1410;
				LastUpgradeCheck = 1410;
				TargetAttributes = {
					C18192C1297E97B800A1990B = {
						CreatedOnToolsVersion = 14.1;
					};
					C18192D7297E97B900A1990B = {
						CreatedOnToolsVersion = 14.1;
						TestTargetID = C18192C1297E97B800A1990B;
					};
					C18192E1297E97B900A1990B = {
						CreatedOnToolsVersion = 14.1;
						TestTargetID = C18192C1297E97B800A1990B;
					};
				};
			};
			buildConfigurationList = C18192BD297E97B800A1990B /* Build configuration list for PBXProject "Cicd_ios_demo" */;
			compatibilityVersion = "Xcode 14.0";
			developmentRegion = en;
			hasScannedForEncodings = 0;
			knownRegions = (
				en,
				Base,
			);
			mainGroup = C18192B9297E97B800A1990B;
			productRefGroup = C18192C3297E97B800A1990B /* Products */;
			projectDirPath = "";
			projectRoot = "";
			targets = (
				C18192C1297E97B800A1990B /* Cicd_ios_demo */,
				C18192D7297E97B900A1990B /* Cicd_ios_demoTests */,
				C18192E1297E97B900A1990B /* Cicd_ios_demoUITests */,
			);
		};
/* End PBXProject section */

/* Begin PBXResourcesBuildPhase section */
		C18192C0297E97B800A1990B /* Resources */ = {
			isa = PBXResourcesBuildPhase;
			buildActionMask = 2147483647;
			files = (
				C18192D2297E97B900A1990B /* LaunchScreen.storyboard in Resources */,
				C18192CF297E97B900A1990B /* Assets.xcassets in Resources */,
				C18192CD297E97B800A1990B /* Main.storyboard in Resources */,
			);
			runOnlyForDeploymentPostprocessing = 0;
		};
		C18192D6297E97B900A1990B /* Resources */ = {
			isa = PBXResourcesBuildPhase;
			buildActionMask = 2147483647;
			files = (
			);
			runOnlyForDeploymentPostprocessing = 0;
		};
		C18192E0297E97B900A1990B /* Resources */ = {
			isa = PBXResourcesBuildPhase;
			buildActionMask = 2147483647;
			files = (
			);
			runOnlyForDeploymentPostprocessing = 0;
		};
/* End PBXResourcesBuildPhase section */

/* Begin PBXSourcesBuildPhase section */
		C18192BE297E97B800A1990B /* Sources */ = {
			isa = PBXSourcesBuildPhase;
			buildActionMask = 2147483647;
			files = (
				C18192CA297E97B800A1990B /* ViewController.swift in Sources */,
				C18192C6297E97B800A1990B /* AppDelegate.swift in Sources */,
				C18192C8297E97B800A1990B /* SceneDelegate.swift in Sources */,
			);
			runOnlyForDeploymentPostprocessing = 0;
		};
		C18192D4297E97B900A1990B /* Sources */ = {
			isa = PBXSourcesBuildPhase;
			buildActionMask = 2147483647;
			files = (
				C18192DD297E97B900A1990B /* Cicd_ios_demoTests.swift in Sources */,
			);
			runOnlyForDeploymentPostprocessing = 0;
		};
		C18192DE297E97B900A1990B /* Sources */ = {
			isa = PBXSourcesBuildPhase;
			buildActionMask = 2147483647;
			files = (
				C18192E9297E97B900A1990B /* Cicd_ios_demoUITestsLaunchTests.swift in Sources */,
				C18192E7297E97B900A1990B /* Cicd_ios_demoUITests.swift in Sources */,
			);
			runOnlyForDeploymentPostprocessing = 0;
		};
/* End PBXSourcesBuildPhase section */

/* Begin PBXTargetDependency section */
		C18192DA297E97B900A1990B /* PBXTargetDependency */ = {
			isa = PBXTargetDependency;
			target = C18192C1297E97B800A1990B /* Cicd_ios_demo */;
			targetProxy = C18192D9297E97B900A1990B /* PBXContainerItemProxy */;
		};
		C18192E4297E97B900A1990B /* PBXTargetDependency */ = {
			isa = PBXTargetDependency;
			target = C18192C1297E97B800A1990B /* Cicd_ios_demo */;
			targetProxy = C18192E3297E97B900A1990B /* PBXContainerItemProxy */;
		};
/* End PBXTargetDependency section */

/* Begin PBXVariantGroup section */
		C18192CB297E97B800A1990B /* Main.storyboard */ = {
			isa = PBXVariantGroup;
			children = (
				C18192CC297E97B800A1990B /* Base */,
			);
			name = Main.storyboard;
			sourceTree = "<group>";
		};
		C18192D0297E97B900A1990B /* LaunchScreen.storyboard */ = {
			isa = PBXVariantGroup;
			children = (
				C18192D1297E97B900A1990B /* Base */,
			);
			name = LaunchScreen.storyboard;
			sourceTree = "<group>";
		};
/* End PBXVariantGroup section */

/* Begin XCBuildConfiguration section */
		C18192EA297E97B900A1990B /* Debug */ = {
			isa = XCBuildConfiguration;
			buildSettings = {
				ALWAYS_SEARCH_USER_PATHS = NO;
				CLANG_ANALYZER_NONNULL = YES;
				CLANG_ANALYZER_NUMBER_OBJECT_CONVERSION = YES_AGGRESSIVE;
				CLANG_CXX_LANGUAGE_STANDARD = "gnu++20";
				CLANG_ENABLE_MODULES = YES;
				CLANG_ENABLE_OBJC_ARC = YES;
				CLANG_ENABLE_OBJC_WEAK = YES;
				CLANG_WARN_BLOCK_CAPTURE_AUTORELEASING = YES;
				CLANG_WARN_BOOL_CONVERSION = YES;
				CLANG_WARN_COMMA = YES;
				CLANG_WARN_CONSTANT_CONVERSION = YES;
				CLANG_WARN_DEPRECATED_OBJC_IMPLEMENTATIONS = YES;
				CLANG_WARN_DIRECT_OBJC_ISA_USAGE = YES_ERROR;
				CLANG_WARN_DOCUMENTATION_COMMENTS = YES;
				CLANG_WARN_EMPTY_BODY = YES;
				CLANG_WARN_ENUM_CONVERSION = YES;
				CLANG_WARN_INFINITE_RECURSION = YES;
				CLANG_WARN_INT_CONVERSION = YES;
				CLANG_WARN_NON_LITERAL_NULL_CONVERSION = YES;
				CLANG_WARN_OBJC_IMPLICIT_RETAIN_SELF = YES;
				CLANG_WARN_OBJC_LITERAL_CONVERSION = YES;
				CLANG_WARN_OBJC_ROOT_CLASS = YES_ERROR;
				CLANG_WARN_QUOTED_INCLUDE_IN_FRAMEWORK_HEADER = YES;
				CLANG_WARN_RANGE_LOOP_ANALYSIS = YES;
				CLANG_WARN_STRICT_PROTOTYPES = YES;
				CLANG_WARN_SUSPICIOUS_MOVE = YES;
				CLANG_WARN_UNGUARDED_AVAILABILITY = YES_AGGRESSIVE;
				CLANG_WARN_UNREACHABLE_CODE = YES;
				CLANG_WARN__DUPLICATE_METHOD_MATCH = YES;
				COPY_PHASE_STRIP = NO;
				DEBUG_INFORMATION_FORMAT = dwarf;
				ENABLE_STRICT_OBJC_MSGSEND = YES;
				ENABLE_TESTABILITY = YES;
				GCC_C_LANGUAGE_STANDARD = gnu11;
				GCC_DYNAMIC_NO_PIC = NO;
				GCC_NO_COMMON_BLOCKS = YES;
				GCC_OPTIMIZATION_LEVEL = 0;
				GCC_PREPROCESSOR_DEFINITIONS = (
					"DEBUG=1",
					"$(inherited)",
				);
				GCC_WARN_64_TO_32_BIT_CONVERSION = YES;
				GCC_WARN_ABOUT_RETURN_TYPE = YES_ERROR;
				GCC_WARN_UNDECLARED_SELECTOR = YES;
				GCC_WARN_UNINITIALIZED_AUTOS = YES_AGGRESSIVE;
				GCC_WARN_UNUSED_FUNCTION = YES;
				GCC_WARN_UNUSED_VARIABLE = YES;
				IPHONEOS_DEPLOYMENT_TARGET = 16.1;
				MTL_ENABLE_DEBUG_INFO = INCLUDE_SOURCE;
				MTL_FAST_MATH = YES;
				ONLY_ACTIVE_ARCH = YES;
				SDKROOT = iphoneos;
				SWIFT_ACTIVE_COMPILATION_CONDITIONS = DEBUG;
				SWIFT_OPTIMIZATION_LEVEL = "-Onone";
			};
			name = Debug;
		};
		C18192EB297E97B900A1990B /* Release */ = {
			isa = XCBuildConfiguration;
			buildSettings = {
				ALWAYS_SEARCH_USER_PATHS = NO;
				CLANG_ANALYZER_NONNULL = YES;
				CLANG_ANALYZER_NUMBER_OBJECT_CONVERSION = YES_AGGRESSIVE;
				CLANG_CXX_LANGUAGE_STANDARD = "gnu++20";
				CLANG_ENABLE_MODULES = YES;
				CLANG_ENABLE_OBJC_ARC = YES;
				CLANG_ENABLE_OBJC_WEAK = YES;
				CLANG_WARN_BLOCK_CAPTURE_AUTORELEASING = YES;
				CLANG_WARN_BOOL_CONVERSION = YES;
				CLANG_WARN_COMMA = YES;
				CLANG_WARN_CONSTANT_CONVERSION = YES;
				CLANG_WARN_DEPRECATED_OBJC_IMPLEMENTATIONS = YES;
				CLANG_WARN_DIRECT_OBJC_ISA_USAGE = YES_ERROR;
				CLANG_WARN_DOCUMENTATION_COMMENTS = YES;
				CLANG_WARN_EMPTY_BODY = YES;
				CLANG_WARN_ENUM_CONVERSION = YES;
				CLANG_WARN_INFINITE_RECURSION = YES;
				CLANG_WARN_INT_CONVERSION = YES;
				CLANG_WARN_NON_LITERAL_NULL_CONVERSION = YES;
				CLANG_WARN_OBJC_IMPLICIT_RETAIN_SELF = YES;
				CLANG_WARN_OBJC_LITERAL_CONVERSION = YES;
				CLANG_WARN_OBJC_ROOT_CLASS = YES_ERROR;
				CLANG_WARN_QUOTED_INCLUDE_IN_FRAMEWORK_HEADER = YES;
				CLANG_WARN_RANGE_LOOP_ANALYSIS = YES;
				CLANG_WARN_STRICT_PROTOTYPES = YES;
				CLANG_WARN_SUSPICIOUS_MOVE = YES;
				CLANG_WARN_UNGUARDED_AVAILABILITY = YES_AGGRESSIVE;
				CLANG_WARN_UNREACHABLE_CODE = YES;
				CLANG_WARN__DUPLICATE_METHOD_MATCH = YES;
				COPY_PHASE_STRIP = NO;
				DEBUG_INFORMATION_FORMAT = "dwarf-with-dsym";
				ENABLE_NS_ASSERTIONS = NO;
				ENABLE_STRICT_OBJC_MSGSEND = YES;
				GCC_C_LANGUAGE_STANDARD = gnu11;
				GCC_NO_COMMON_BLOCKS = YES;
				GCC_WARN_64_TO_32_BIT_CONVERSION = YES;
				GCC_WARN_ABOUT_RETURN_TYPE = YES_ERROR;
				GCC_WARN_UNDECLARED_SELECTOR = YES;
				GCC_WARN_UNINITIALIZED_AUTOS = YES_AGGRESSIVE;
				GCC_WARN_UNUSED_FUNCTION = YES;
				GCC_WARN_UNUSED_VARIABLE = YES;
				IPHONEOS_DEPLOYMENT_TARGET = 16.1;
				MTL_ENABLE_DEBUG_INFO = NO;
				MTL_FAST_MATH = YES;
				SDKROOT = iphoneos;
				SWIFT_COMPILATION_MODE = wholemodule;
				SWIFT_OPTIMIZATION_LEVEL = "-O";
				VALIDATE_PRODUCT = YES;
			};
			name = Release;
		};
		C18192ED297E97B900A1990B /* Debug */ = {
			isa = XCBuildConfiguration;
			buildSettings = {
				ASSETCATALOG_COMPILER_APPICON_NAME = AppIcon;
				ASSETCATALOG_COMPILER_GLOBAL_ACCENT_COLOR_NAME = AccentColor;
				CODE_SIGN_STYLE = Automatic;
				CURRENT_PROJECT_VERSION = 1;
				GENERATE_INFOPLIST_FILE = YES;
				INFOPLIST_FILE = Cicd_ios_demo/Info.plist;
				INFOPLIST_KEY_UIApplicationSupportsIndirectInputEvents = YES;
				INFOPLIST_KEY_UILaunchStoryboardName = LaunchScreen;
				INFOPLIST_KEY_UIMainStoryboardFile = Main;
				INFOPLIST_KEY_UISupportedInterfaceOrientations_iPad = "UIInterfaceOrientationPortrait UIInterfaceOrientationPortraitUpsideDown UIInterfaceOrientationLandscapeLeft UIInterfaceOrientationLandscapeRight";
				INFOPLIST_KEY_UISupportedInterfaceOrientations_iPhone = "UIInterfaceOrientationPortrait UIInterfaceOrientationLandscapeLeft UIInterfaceOrientationLandscapeRight";
				LD_RUNPATH_SEARCH_PATHS = (
					"$(inherited)",
					"@executable_path/Frameworks",
				);
				MARKETING_VERSION = 1.0;
				PRODUCT_BUNDLE_IDENTIFIER = "test.Cicd-ios-demo";
				PRODUCT_NAME = "$(TARGET_NAME)";
				SWIFT_EMIT_LOC_STRINGS = YES;
				SWIFT_VERSION = 5.0;
				TARGETED_DEVICE_FAMILY = "1,2";
			};
			name = Debug;
		};
		C18192EE297E97B900A1990B /* Release */ = {
			isa = XCBuildConfiguration;
			buildSettings = {
				ASSETCATALOG_COMPILER_APPICON_NAME = AppIcon;
				ASSETCATALOG_COMPILER_GLOBAL_ACCENT_COLOR_NAME = AccentColor;
				CODE_SIGN_STYLE = Automatic;
				CURRENT_PROJECT_VERSION = 1;
				GENERATE_INFOPLIST_FILE = YES;
				INFOPLIST_FILE = Cicd_ios_demo/Info.plist;
				INFOPLIST_KEY_UIApplicationSupportsIndirectInputEvents = YES;
				INFOPLIST_KEY_UILaunchStoryboardName = LaunchScreen;
				INFOPLIST_KEY_UIMainStoryboardFile = Main;
				INFOPLIST_KEY_UISupportedInterfaceOrientations_iPad = "UIInterfaceOrientationPortrait UIInterfaceOrientationPortraitUpsideDown UIInterfaceOrientationLandscapeLeft UIInterfaceOrientationLandscapeRight";
				INFOPLIST_KEY_UISupportedInterfaceOrientations_iPhone = "UIInterfaceOrientationPortrait UIInterfaceOrientationLandscapeLeft UIInterfaceOrientationLandscapeRight";
				LD_RUNPATH_SEARCH_PATHS = (
					"$(inherited)",
					"@executable_path/Frameworks",
				);
				MARKETING_VERSION = 1.0;
				PRODUCT_BUNDLE_IDENTIFIER = "test.Cicd-ios-demo";
				PRODUCT_NAME = "$(TARGET_NAME)";
				SWIFT_EMIT_LOC_STRINGS = YES;
				SWIFT_VERSION = 5.0;
				TARGETED_DEVICE_FAMILY = "1,2";
			};
			name = Release;
		};
		C18192F0297E97B900A1990B /* Debug */ = {
			isa = XCBuildConfiguration;
			buildSettings = {
				ALWAYS_EMBED_SWIFT_STANDARD_LIBRARIES = YES;
				BUNDLE_LOADER = "$(TEST_HOST)";
				CODE_SIGN_STYLE = Automatic;
				CURRENT_PROJECT_VERSION = 1;
				GENERATE_INFOPLIST_FILE = YES;
				IPHONEOS_DEPLOYMENT_TARGET = 16.1;
				MARKETING_VERSION = 1.0;
				PRODUCT_BUNDLE_IDENTIFIER = "test.Cicd-ios-demoTests";
				PRODUCT_NAME = "$(TARGET_NAME)";
				SWIFT_EMIT_LOC_STRINGS = NO;
				SWIFT_VERSION = 5.0;
				TARGETED_DEVICE_FAMILY = "1,2";
				TEST_HOST = "$(BUILT_PRODUCTS_DIR)/Cicd_ios_demo.app/$(BUNDLE_EXECUTABLE_FOLDER_PATH)/Cicd_ios_demo";
			};
			name = Debug;
		};
		C18192F1297E97B900A1990B /* Release */ = {
			isa = XCBuildConfiguration;
			buildSettings = {
				ALWAYS_EMBED_SWIFT_STANDARD_LIBRARIES = YES;
				BUNDLE_LOADER = "$(TEST_HOST)";
				CODE_SIGN_STYLE = Automatic;
				CURRENT_PROJECT_VERSION = 1;
				GENERATE_INFOPLIST_FILE = YES;
				IPHONEOS_DEPLOYMENT_TARGET = 16.1;
				MARKETING_VERSION = 1.0;
				PRODUCT_BUNDLE_IDENTIFIER = "test.Cicd-ios-demoTests";
				PRODUCT_NAME = "$(TARGET_NAME)";
				SWIFT_EMIT_LOC_STRINGS = NO;
				SWIFT_VERSION = 5.0;
				TARGETED_DEVICE_FAMILY = "1,2";
				TEST_HOST = "$(BUILT_PRODUCTS_DIR)/Cicd_ios_demo.app/$(BUNDLE_EXECUTABLE_FOLDER_PATH)/Cicd_ios_demo";
			};
			name = Release;
		};
		C18192F3297E97B900A1990B /* Debug */ = {
			isa = XCBuildConfiguration;
			buildSettings = {
				ALWAYS_EMBED_SWIFT_STANDARD_LIBRARIES = YES;
				CODE_SIGN_STYLE = Automatic;
				CURRENT_PROJECT_VERSION = 1;
				GENERATE_INFOPLIST_FILE = YES;
				MARKETING_VERSION = 1.0;
				PRODUCT_BUNDLE_IDENTIFIER = "test.Cicd-ios-demoUITests";
				PRODUCT_NAME = "$(TARGET_NAME)";
				SWIFT_EMIT_LOC_STRINGS = NO;
				SWIFT_VERSION = 5.0;
				TARGETED_DEVICE_FAMILY = "1,2";
				TEST_TARGET_NAME = Cicd_ios_demo;
			};
			name = Debug;
		};
		C18192F4297E97B900A1990B /* Release */ = {
			isa = XCBuildConfiguration;
			buildSettings = {
				ALWAYS_EMBED_SWIFT_STANDARD_LIBRARIES = YES;
				CODE_SIGN_STYLE = Automatic;
				CURRENT_PROJECT_VERSION = 1;
				GENERATE_INFOPLIST_FILE = YES;
				MARKETING_VERSION = 1.0;
				PRODUCT_BUNDLE_IDENTIFIER = "test.Cicd-ios-demoUITests";
				PRODUCT_NAME = "$(TARGET_NAME)";
				SWIFT_EMIT_LOC_STRINGS = NO;
				SWIFT_VERSION = 5.0;
				TARGETED_DEVICE_FAMILY = "1,2";
				TEST_TARGET_NAME = Cicd_ios_demo;
			};
			name = Release;
		};
/* End XCBuildConfiguration section */

/* Begin XCConfigurationList section */
		C18192BD297E97B800A1990B /* Build configuration list for PBXProject "Cicd_ios_demo" */ = {
			isa = XCConfigurationList;
			buildConfigurations = (
				C18192EA297E97B900A1990B /* Debug */,
				C18192EB297E97B900A1990B /* Release */,
			);
			defaultConfigurationIsVisible = 0;
			defaultConfigurationName = Release;
		};
		C18192EC297E97B900A1990B /* Build configuration list for PBXNativeTarget "Cicd_ios_demo" */ = {
			isa = XCConfigurationList;
			buildConfigurations = (
				C18192ED297E97B900A1990B /* Debug */,
				C18192EE297E97B900A1990B /* Release */,
			);
			defaultConfigurationIsVisible = 0;
			defaultConfigurationName = Release;
		};
		C18192EF297E97B900A1990B /* Build configuration list for PBXNativeTarget "Cicd_ios_demoTests" */ = {
			isa = XCConfigurationList;
			buildConfigurations = (
				C18192F0297E97B900A1990B /* Debug */,
				C18192F1297E97B900A1990B /* Release */,
			);
			defaultConfigurationIsVisible = 0;
			defaultConfigurationName = Release;
		};
		C18192F2297E97B900A1990B /* Build configuration list for PBXNativeTarget "Cicd_ios_demoUITests" */ = {
			isa = XCConfigurationList;
			buildConfigurations = (
				C18192F3297E97B900A1990B /* Debug */,
				C18192F4297E97B900A1990B /* Release */,
			);
			defaultConfigurationIsVisible = 0;
			defaultConfigurationName = Release;
		};
/* End XCConfigurationList section */
	};
	rootObject = C18192BA297E97B800A1990B /* Project object */;
}
